
Microsoft Visual Studio Solution File, Format Version 12.00
# Visual Studio Version 17
VisualStudioVersion = 17.5.002.0
MinimumVisualStudioVersion = 10.0.40219.1
Project("{9A19103F-16F7-4668-BE54-9A1E7A4F7556}") = "AssessmentProject", "AssessmentProject.csproj", "{5A8BE74A-AC9E-4B0E-9A4E-28D324826DE0}"
EndProject
Project("{FAE04EC0-301F-11D3-BF4B-00C04F79EFBC}") = "BuisnessLogicLayer", "..\BuisnessLogicLayer\BuisnessLogicLayer.csproj", "{FC95EB6A-E742-4CD2-BAEE-F1F48F878E34}"
EndProject
Project("{FAE04EC0-301F-11D3-BF4B-00C04F79EFBC}") = "DataAccessLayer", "..\DataAccessLayer\DataAccessLayer.csproj", "{7E7EC70D-9D7F-4A33-99DD-2B29559A2DA4}"
EndProject
Global
	GlobalSection(SolutionConfigurationPlatforms) = preSolution
		Debug|Any CPU = Debug|Any CPU
		Release|Any CPU = Release|Any CPU
	EndGlobalSection
	GlobalSection(ProjectConfigurationPlatforms) = postSolution
		{5A8BE74A-AC9E-4B0E-9A4E-28D324826DE0}.Debug|Any CPU.ActiveCfg = Debug|Any CPU
		{5A8BE74A-AC9E-4B0E-9A4E-28D324826DE0}.Debug|Any CPU.Build.0 = Debug|Any CPU
		{5A8BE74A-AC9E-4B0E-9A4E-28D324826DE0}.Release|Any CPU.ActiveCfg = Release|Any CPU
		{5A8BE74A-AC9E-4B0E-9A4E-28D324826DE0}.Release|Any CPU.Build.0 = Release|Any CPU
		{0DF2DE90-E50E-4F16-9E22-77C177DCEA35}.Debug|Any CPU.ActiveCfg = Debug|Any CPU
		{0DF2DE90-E50E-4F16-9E22-77C177DCEA35}.Debug|Any CPU.Build.0 = Debug|Any CPU
		{0DF2DE90-E50E-4F16-9E22-77C177DCEA35}.Release|Any CPU.ActiveCfg = Release|Any CPU
		{0DF2DE90-E50E-4F16-9E22-77C177DCEA35}.Release|Any CPU.Build.0 = Release|Any CPU
		{75E3DD78-31A6-4346-BB33-C5853017B8E5}.Debug|Any CPU.ActiveCfg = Debug|Any CPU
		{75E3DD78-31A6-4346-BB33-C5853017B8E5}.Debug|Any CPU.Build.0 = Debug|Any CPU
		{75E3DD78-31A6-4346-BB33-C5853017B8E5}.Release|Any CPU.ActiveCfg = Release|Any CPU
		{75E3DD78-31A6-4346-BB33-C5853017B8E5}.Release|Any CPU.Build.0 = Release|Any CPU
		{FC95EB6A-E742-4CD2-BAEE-F1F48F878E34}.Debug|Any CPU.ActiveCfg = Debug|Any CPU
		{FC95EB6A-E742-4CD2-BAEE-F1F48F878E34}.Debug|Any CPU.Build.0 = Debug|Any CPU
		{FC95EB6A-E742-4CD2-BAEE-F1F48F878E34}.Release|Any CPU.ActiveCfg = Release|Any CPU
		{FC95EB6A-E742-4CD2-BAEE-F1F48F878E34}.Release|Any CPU.Build.0 = Release|Any CPU
		{7E7EC70D-9D7F-4A33-99DD-2B29559A2DA4}.Debug|Any CPU.ActiveCfg = Debug|Any CPU
		{7E7EC70D-9D7F-4A33-99DD-2B29559A2DA4}.Debug|Any CPU.Build.0 = Debug|Any CPU
		{7E7EC70D-9D7F-4A33-99DD-2B29559A2DA4}.Release|Any CPU.ActiveCfg = Release|Any CPU
		{7E7EC70D-9D7F-4A33-99DD-2B29559A2DA4}.Release|Any CPU.Build.0 = Release|Any CPU
	EndGlobalSection
	GlobalSection(SolutionProperties) = preSolution
		HideSolutionNode = FALSE
	EndGlobalSection
	GlobalSection(ExtensibilityGlobals) = postSolution
		SolutionGuid = {82C7BBA6-959D-4133-8353-0CB0825641A4}
	EndGlobalSection
EndGlobal
